
Microsoft Visual Studio Solution File, Format Version 12.00
# Visual Studio Version 16
VisualStudioVersion = 16.0.32002.261
MinimumVisualStudioVersion = 10.0.40219.1
Project("{9A19103F-16F7-4668-BE54-9A1E7A4F7556}") = "BytesConversion", "BytesConversion\BytesConversion.csproj", "{6A76B92A-177E-4495-BA8A-32F27EA74327}"
EndProject
Project("{9A19103F-16F7-4668-BE54-9A1E7A4F7556}") = "BytesConversion.UnitTests", "BytesConversion.UnitTests\BytesConversion.UnitTests.csproj", "{C55C2E41-A234-40E2-93D0-74F780AF095D}"
EndProject
Global
	GlobalSection(SolutionConfigurationPlatforms) = preSolution
		Debug|Any CPU = Debug|Any CPU
		Release|Any CPU = Release|Any CPU
	EndGlobalSection
	GlobalSection(ProjectConfigurationPlatforms) = postSolution
		{6A76B92A-177E-4495-BA8A-32F27EA74327}.Debug|Any CPU.ActiveCfg = Debug|Any CPU
		{6A76B92A-177E-4495-BA8A-32F27EA74327}.Debug|Any CPU.Build.0 = Debug|Any CPU
		{6A76B92A-177E-4495-BA8A-32F27EA74327}.Release|Any CPU.ActiveCfg = Release|Any CPU
		{6A76B92A-177E-4495-BA8A-32F27EA74327}.Release|Any CPU.Build.0 = Release|Any CPU
		{C55C2E41-A234-40E2-93D0-74F780AF095D}.Debug|Any CPU.ActiveCfg = Debug|Any CPU
		{C55C2E41-A234-40E2-93D0-74F780AF095D}.Debug|Any CPU.Build.0 = Debug|Any CPU
		{C55C2E41-A234-40E2-93D0-74F780AF095D}.Release|Any CPU.ActiveCfg = Release|Any CPU
		{C55C2E41-A234-40E2-93D0-74F780AF095D}.Release|Any CPU.Build.0 = Release|Any CPU
	EndGlobalSection
	GlobalSection(SolutionProperties) = preSolution
		HideSolutionNode = FALSE
	EndGlobalSection
	GlobalSection(ExtensibilityGlobals) = postSolution
		SolutionGuid = {57DA32C1-0BE1-49CE-A316-82DF2597D712}
	EndGlobalSection
EndGlobal
